
Microsoft Visual Studio Solution File, Format Version 12.00
# Visual Studio Version 17
VisualStudioVersion = 17.9.34728.123
MinimumVisualStudioVersion = 10.0.40219.1
Project("{FAE04EC0-301F-11D3-BF4B-00C04F79EFBC}") = "Tarea paso 2 practica 1", "Tarea paso 2 practica 1.csproj", "{7C7E1F8D-1410-4556-8B8C-9696658077AB}"
EndProject
Global
	GlobalSection(SolutionConfigurationPlatforms) = preSolution
		Debug|Any CPU = Debug|Any CPU
		Release|Any CPU = Release|Any CPU
	EndGlobalSection
	GlobalSection(ProjectConfigurationPlatforms) = postSolution
		{7C7E1F8D-1410-4556-8B8C-9696658077AB}.Debug|Any CPU.ActiveCfg = Debug|Any CPU
		{7C7E1F8D-1410-4556-8B8C-9696658077AB}.Debug|Any CPU.Build.0 = Debug|Any CPU
		{7C7E1F8D-1410-4556-8B8C-9696658077AB}.Release|Any CPU.ActiveCfg = Release|Any CPU
		{7C7E1F8D-1410-4556-8B8C-9696658077AB}.Release|Any CPU.Build.0 = Release|Any CPU
	EndGlobalSection
	GlobalSection(SolutionProperties) = preSolution
		HideSolutionNode = FALSE
	EndGlobalSection
	GlobalSection(ExtensibilityGlobals) = postSolution
		SolutionGuid = {DECBF56E-D085-420B-8E17-7628FCA5D78D}
	EndGlobalSection
EndGlobal
